
Microsoft Visual Studio Solution File, Format Version 12.00
# Visual Studio Version 17
VisualStudioVersion = 17.5.002.0
MinimumVisualStudioVersion = 10.0.40219.1
Project("{9A19103F-16F7-4668-BE54-9A1E7A4F7556}") = "basics", "basics.csproj", "{89FFFF01-6B70-43BE-BAA1-3677FABFE0E8}"
EndProject
Global
	GlobalSection(SolutionConfigurationPlatforms) = preSolution
		Debug|Any CPU = Debug|Any CPU
		Release|Any CPU = Release|Any CPU
	EndGlobalSection
	GlobalSection(ProjectConfigurationPlatforms) = postSolution
		{89FFFF01-6B70-43BE-BAA1-3677FABFE0E8}.Debug|Any CPU.ActiveCfg = Debug|Any CPU
		{89FFFF01-6B70-43BE-BAA1-3677FABFE0E8}.Debug|Any CPU.Build.0 = Debug|Any CPU
		{89FFFF01-6B70-43BE-BAA1-3677FABFE0E8}.Release|Any CPU.ActiveCfg = Release|Any CPU
		{89FFFF01-6B70-43BE-BAA1-3677FABFE0E8}.Release|Any CPU.Build.0 = Release|Any CPU
	EndGlobalSection
	GlobalSection(SolutionProperties) = preSolution
		HideSolutionNode = FALSE
	EndGlobalSection
	GlobalSection(ExtensibilityGlobals) = postSolution
		SolutionGuid = {30C1FEE3-CA08-463D-AE96-8CA08C7386F8}
	EndGlobalSection
EndGlobal
